
Microsoft Visual Studio Solution File, Format Version 12.00
# Visual Studio 15
VisualStudioVersion = 15.0.26430.14
MinimumVisualStudioVersion = 10.0.40219.1
Project("{FAE04EC0-301F-11D3-BF4B-00C04F79EFBC}") = "CompiledHandlebars.Compiler", "Compiler\CompiledHandlebars.Compiler.csproj", "{55E767E0-44F0-4297-9A00-7211B424BE03}"
EndProject
Project("{FAE04EC0-301F-11D3-BF4B-00C04F79EFBC}") = "CompiledHandlebars.CompilerTests", "CompilerTests\CompiledHandlebars.CompilerTests.csproj", "{7E220970-73F8-4A28-BF5B-CCB938890924}"
EndProject
Project("{FAE04EC0-301F-11D3-BF4B-00C04F79EFBC}") = "CompiledHandlebars.RuntimeUtils", "RuntimeUtils\CompiledHandlebars.RuntimeUtils.csproj", "{FD451D35-50C9-4D52-9A53-3FD1A5B98227}"
EndProject
Project("{FAE04EC0-301F-11D3-BF4B-00C04F79EFBC}") = "CompiledHandlebars.ViewEngine", "ViewEngine\CompiledHandlebars.ViewEngine.csproj", "{CCF0E5FF-74C8-4095-BE8C-143CF34DB3B1}"
EndProject
Project("{FAE04EC0-301F-11D3-BF4B-00C04F79EFBC}") = "CLI", "CLI\CLI.csproj", "{7DC8BCB3-DC28-4737-B508-C514BA970518}"
EndProject
Global
	GlobalSection(SolutionConfigurationPlatforms) = preSolution
		Debug|Any CPU = Debug|Any CPU
		Debug|x86 = Debug|x86
		Release|Any CPU = Release|Any CPU
		Release|x86 = Release|x86
	EndGlobalSection
	GlobalSection(ProjectConfigurationPlatforms) = postSolution
		{55E767E0-44F0-4297-9A00-7211B424BE03}.Debug|Any CPU.ActiveCfg = Debug|Any CPU
		{55E767E0-44F0-4297-9A00-7211B424BE03}.Debug|Any CPU.Build.0 = Debug|Any CPU
		{55E767E0-44F0-4297-9A00-7211B424BE03}.Debug|x86.ActiveCfg = Debug|Any CPU
		{55E767E0-44F0-4297-9A00-7211B424BE03}.Debug|x86.Build.0 = Debug|Any CPU
		{55E767E0-44F0-4297-9A00-7211B424BE03}.Release|Any CPU.ActiveCfg = Release|Any CPU
		{55E767E0-44F0-4297-9A00-7211B424BE03}.Release|Any CPU.Build.0 = Release|Any CPU
		{55E767E0-44F0-4297-9A00-7211B424BE03}.Release|x86.ActiveCfg = Release|Any CPU
		{55E767E0-44F0-4297-9A00-7211B424BE03}.Release|x86.Build.0 = Release|Any CPU
		{7E220970-73F8-4A28-BF5B-CCB938890924}.Debug|Any CPU.ActiveCfg = Debug|Any CPU
		{7E220970-73F8-4A28-BF5B-CCB938890924}.Debug|Any CPU.Build.0 = Debug|Any CPU
		{7E220970-73F8-4A28-BF5B-CCB938890924}.Debug|x86.ActiveCfg = Debug|Any CPU
		{7E220970-73F8-4A28-BF5B-CCB938890924}.Debug|x86.Build.0 = Debug|Any CPU
		{7E220970-73F8-4A28-BF5B-CCB938890924}.Release|Any CPU.ActiveCfg = Release|Any CPU
		{7E220970-73F8-4A28-BF5B-CCB938890924}.Release|Any CPU.Build.0 = Release|Any CPU
		{7E220970-73F8-4A28-BF5B-CCB938890924}.Release|x86.ActiveCfg = Release|Any CPU
		{7E220970-73F8-4A28-BF5B-CCB938890924}.Release|x86.Build.0 = Release|Any CPU
		{FD451D35-50C9-4D52-9A53-3FD1A5B98227}.Debug|Any CPU.ActiveCfg = Debug|Any CPU
		{FD451D35-50C9-4D52-9A53-3FD1A5B98227}.Debug|Any CPU.Build.0 = Debug|Any CPU
		{FD451D35-50C9-4D52-9A53-3FD1A5B98227}.Debug|x86.ActiveCfg = Debug|Any CPU
		{FD451D35-50C9-4D52-9A53-3FD1A5B98227}.Debug|x86.Build.0 = Debug|Any CPU
		{FD451D35-50C9-4D52-9A53-3FD1A5B98227}.Release|Any CPU.ActiveCfg = Release|Any CPU
		{FD451D35-50C9-4D52-9A53-3FD1A5B98227}.Release|Any CPU.Build.0 = Release|Any CPU
		{FD451D35-50C9-4D52-9A53-3FD1A5B98227}.Release|x86.ActiveCfg = Release|Any CPU
		{FD451D35-50C9-4D52-9A53-3FD1A5B98227}.Release|x86.Build.0 = Release|Any CPU
		{CCF0E5FF-74C8-4095-BE8C-143CF34DB3B1}.Debug|Any CPU.ActiveCfg = Debug|Any CPU
		{CCF0E5FF-74C8-4095-BE8C-143CF34DB3B1}.Debug|Any CPU.Build.0 = Debug|Any CPU
		{CCF0E5FF-74C8-4095-BE8C-143CF34DB3B1}.Debug|x86.ActiveCfg = Debug|Any CPU
		{CCF0E5FF-74C8-4095-BE8C-143CF34DB3B1}.Debug|x86.Build.0 = Debug|Any CPU
		{CCF0E5FF-74C8-4095-BE8C-143CF34DB3B1}.Release|Any CPU.ActiveCfg = Release|Any CPU
		{CCF0E5FF-74C8-4095-BE8C-143CF34DB3B1}.Release|Any CPU.Build.0 = Release|Any CPU
		{CCF0E5FF-74C8-4095-BE8C-143CF34DB3B1}.Release|x86.ActiveCfg = Release|Any CPU
		{CCF0E5FF-74C8-4095-BE8C-143CF34DB3B1}.Release|x86.Build.0 = Release|Any CPU
		{7DC8BCB3-DC28-4737-B508-C514BA970518}.Debug|Any CPU.ActiveCfg = Debug|x86
		{7DC8BCB3-DC28-4737-B508-C514BA970518}.Debug|x86.ActiveCfg = Debug|x86
		{7DC8BCB3-DC28-4737-B508-C514BA970518}.Debug|x86.Build.0 = Debug|x86
		{7DC8BCB3-DC28-4737-B508-C514BA970518}.Release|Any CPU.ActiveCfg = Release|x86
		{7DC8BCB3-DC28-4737-B508-C514BA970518}.Release|x86.ActiveCfg = Release|x86
		{7DC8BCB3-DC28-4737-B508-C514BA970518}.Release|x86.Build.0 = Release|x86
	EndGlobalSection
	GlobalSection(SolutionProperties) = preSolution
		HideSolutionNode = FALSE
	EndGlobalSection
EndGlobal
